
Microsoft Visual Studio Solution File, Format Version 12.00
# Visual Studio Version 17
VisualStudioVersion = 17.3.32922.545
MinimumVisualStudioVersion = 10.0.40219.1
Project("{FAE04EC0-301F-11D3-BF4B-00C04F79EFBC}") = "DataStructuresTestbed", "DataStructuresTestbed.csproj", "{4FF61BBB-747E-4F86-A972-E4CA001230B6}"
EndProject
Project("{FAE04EC0-301F-11D3-BF4B-00C04F79EFBC}") = "DataStructures", "..\DataStructures\DataStructures.csproj", "{D516069C-0E48-404A-9225-A3282CFF725E}"
EndProject
Global
	GlobalSection(SolutionConfigurationPlatforms) = preSolution
		Debug|Any CPU = Debug|Any CPU
		Release|Any CPU = Release|Any CPU
	EndGlobalSection
	GlobalSection(ProjectConfigurationPlatforms) = postSolution
		{4FF61BBB-747E-4F86-A972-E4CA001230B6}.Debug|Any CPU.ActiveCfg = Debug|Any CPU
		{4FF61BBB-747E-4F86-A972-E4CA001230B6}.Debug|Any CPU.Build.0 = Debug|Any CPU
		{4FF61BBB-747E-4F86-A972-E4CA001230B6}.Release|Any CPU.ActiveCfg = Release|Any CPU
		{4FF61BBB-747E-4F86-A972-E4CA001230B6}.Release|Any CPU.Build.0 = Release|Any CPU
		{D516069C-0E48-404A-9225-A3282CFF725E}.Debug|Any CPU.ActiveCfg = Debug|Any CPU
		{D516069C-0E48-404A-9225-A3282CFF725E}.Debug|Any CPU.Build.0 = Debug|Any CPU
		{D516069C-0E48-404A-9225-A3282CFF725E}.Release|Any CPU.ActiveCfg = Release|Any CPU
		{D516069C-0E48-404A-9225-A3282CFF725E}.Release|Any CPU.Build.0 = Release|Any CPU
	EndGlobalSection
	GlobalSection(SolutionProperties) = preSolution
		HideSolutionNode = FALSE
	EndGlobalSection
	GlobalSection(ExtensibilityGlobals) = postSolution
		SolutionGuid = {61E7ACBE-D04A-4D08-92CF-4DD972D5E26A}
	EndGlobalSection
EndGlobal
